
Microsoft Visual Studio Solution File, Format Version 12.00
# Visual Studio Version 17
VisualStudioVersion = 17.11.35312.102
MinimumVisualStudioVersion = 10.0.40219.1
Project("{54A90642-561A-4BB1-A94E-469ADEE60C69}") = "front", "front\front.esproj", "{E8CA7366-6458-411A-B687-E73FA7100B6C}"
EndProject
Global
	GlobalSection(SolutionConfigurationPlatforms) = preSolution
		Debug|Any CPU = Debug|Any CPU
		Release|Any CPU = Release|Any CPU
	EndGlobalSection
	GlobalSection(ProjectConfigurationPlatforms) = postSolution
		{E8CA7366-6458-411A-B687-E73FA7100B6C}.Debug|Any CPU.ActiveCfg = Debug|Any CPU
		{E8CA7366-6458-411A-B687-E73FA7100B6C}.Debug|Any CPU.Build.0 = Debug|Any CPU
		{E8CA7366-6458-411A-B687-E73FA7100B6C}.Debug|Any CPU.Deploy.0 = Debug|Any CPU
		{E8CA7366-6458-411A-B687-E73FA7100B6C}.Release|Any CPU.ActiveCfg = Release|Any CPU
		{E8CA7366-6458-411A-B687-E73FA7100B6C}.Release|Any CPU.Build.0 = Release|Any CPU
		{E8CA7366-6458-411A-B687-E73FA7100B6C}.Release|Any CPU.Deploy.0 = Release|Any CPU
	EndGlobalSection
	GlobalSection(SolutionProperties) = preSolution
		HideSolutionNode = FALSE
	EndGlobalSection
	GlobalSection(ExtensibilityGlobals) = postSolution
		SolutionGuid = {95CC4C02-6CA5-4261-B7B1-6C893B8E8AA9}
	EndGlobalSection
EndGlobal
