
Microsoft Visual Studio Solution File, Format Version 12.00
# Visual Studio Version 17
VisualStudioVersion = 17.11.35312.102
MinimumVisualStudioVersion = 10.0.40219.1
Project("{FAE04EC0-301F-11D3-BF4B-00C04F79EFBC}") = "BackChad", "BackChad\BackChad.csproj", "{52393949-E0DE-47BC-996C-F277C296D03E}"
EndProject
Global
	GlobalSection(SolutionConfigurationPlatforms) = preSolution
		Debug|Any CPU = Debug|Any CPU
		Release|Any CPU = Release|Any CPU
	EndGlobalSection
	GlobalSection(ProjectConfigurationPlatforms) = postSolution
		{52393949-E0DE-47BC-996C-F277C296D03E}.Debug|Any CPU.ActiveCfg = Debug|Any CPU
		{52393949-E0DE-47BC-996C-F277C296D03E}.Debug|Any CPU.Build.0 = Debug|Any CPU
		{52393949-E0DE-47BC-996C-F277C296D03E}.Release|Any CPU.ActiveCfg = Release|Any CPU
		{52393949-E0DE-47BC-996C-F277C296D03E}.Release|Any CPU.Build.0 = Release|Any CPU
	EndGlobalSection
	GlobalSection(SolutionProperties) = preSolution
		HideSolutionNode = FALSE
	EndGlobalSection
	GlobalSection(ExtensibilityGlobals) = postSolution
		SolutionGuid = {839E07BD-958F-491B-A990-177E29DE9E27}
	EndGlobalSection
EndGlobal
